
Microsoft Visual Studio Solution File, Format Version 12.00
# Visual Studio Version 17
VisualStudioVersion = 17.2.32630.192
MinimumVisualStudioVersion = 10.0.40219.1
Project("{FAE04EC0-301F-11D3-BF4B-00C04F79EFBC}") = "Multilanguages-App", "Multilanguages-App\Multilanguages-App.csproj", "{7656243D-CECE-4966-8F30-625C0EC01A9E}"
EndProject
Global
	GlobalSection(SolutionConfigurationPlatforms) = preSolution
		Debug|Any CPU = Debug|Any CPU
		Release|Any CPU = Release|Any CPU
	EndGlobalSection
	GlobalSection(ProjectConfigurationPlatforms) = postSolution
		{7656243D-CECE-4966-8F30-625C0EC01A9E}.Debug|Any CPU.ActiveCfg = Debug|Any CPU
		{7656243D-CECE-4966-8F30-625C0EC01A9E}.Debug|Any CPU.Build.0 = Debug|Any CPU
		{7656243D-CECE-4966-8F30-625C0EC01A9E}.Release|Any CPU.ActiveCfg = Release|Any CPU
		{7656243D-CECE-4966-8F30-625C0EC01A9E}.Release|Any CPU.Build.0 = Release|Any CPU
	EndGlobalSection
	GlobalSection(SolutionProperties) = preSolution
		HideSolutionNode = FALSE
	EndGlobalSection
	GlobalSection(ExtensibilityGlobals) = postSolution
		SolutionGuid = {0F8EAA6B-8981-4F96-BBFA-11D2B55462E9}
	EndGlobalSection
EndGlobal
